// !$*UTF8*$!
{
	archiveVersion = 1;
	classes = {
	};
	objectVersion = 77;
	objects = {

/* Begin PBXContainerItemProxy section */
		FAD64BD82DF3641C00F4703A /* PBXContainerItemProxy */ = {
			isa = PBXContainerItemProxy;
			containerPortal = FAD64BC22DF3641A00F4703A /* Project object */;
			proxyType = 1;
			remoteGlobalIDString = FAD64BC92DF3641A00F4703A;
			remoteInfo = "Path to the golden egg";
		};
		FAD64BE22DF3641C00F4703A /* PBXContainerItemProxy */ = {
			isa = PBXContainerItemProxy;
			containerPortal = FAD64BC22DF3641A00F4703A /* Project object */;
			proxyType = 1;
			remoteGlobalIDString = FAD64BC92DF3641A00F4703A;
			remoteInfo = "Path to the golden egg";
		};
/* End PBXContainerItemProxy section */

/* Begin PBXFileReference section */
		FAD64BCA2DF3641A00F4703A /* Path to the golden egg.app */ = {isa = PBXFileReference; explicitFileType = wrapper.application; includeInIndex = 0; path = "Path to the golden egg.app"; sourceTree = BUILT_PRODUCTS_DIR; };
		FAD64BD72DF3641C00F4703A /* Path to the golden eggTests.xctest */ = {isa = PBXFileReference; explicitFileType = wrapper.cfbundle; includeInIndex = 0; path = "Path to the golden eggTests.xctest"; sourceTree = BUILT_PRODUCTS_DIR; };
		FAD64BE12DF3641C00F4703A /* Path to the golden eggUITests.xctest */ = {isa = PBXFileReference; explicitFileType = wrapper.cfbundle; includeInIndex = 0; path = "Path to the golden eggUITests.xctest"; sourceTree = BUILT_PRODUCTS_DIR; };
/* End PBXFileReference section */

/* Begin PBXFileSystemSynchronizedRootGroup section */
		FAD64BCC2DF3641A00F4703A /* Path to the golden egg */ = {
			isa = PBXFileSystemSynchronizedRootGroup;
			path = "Path to the golden egg";
			sourceTree = "<group>";
		};
		FAD64BDA2DF3641C00F4703A /* Path to the golden eggTests */ = {
			isa = PBXFileSystemSynchronizedRootGroup;
			path = "Path to the golden eggTests";
			sourceTree = "<group>";
		};
		FAD64BE42DF3641C00F4703A /* Path to the golden eggUITests */ = {
			isa = PBXFileSystemSynchronizedRootGroup;
			path = "Path to the golden eggUITests";
			sourceTree = "<group>";
		};
/* End PBXFileSystemSynchronizedRootGroup section */

/* Begin PBXFrameworksBuildPhase section */
		FAD64BC72DF3641A00F4703A /* Frameworks */ = {
			isa = PBXFrameworksBuildPhase;
			buildActionMask = 2147483647;
			files = (
			);
			runOnlyForDeploymentPostprocessing = 0;
		};
		FAD64BD42DF3641C00F4703A /* Frameworks */ = {
			isa = PBXFrameworksBuildPhase;
			buildActionMask = 2147483647;
			files = (
			);
			runOnlyForDeploymentPostprocessing = 0;
		};
		FAD64BDE2DF3641C00F4703A /* Frameworks */ = {
			isa = PBXFrameworksBuildPhase;
			buildActionMask = 2147483647;
			files = (
			);
			runOnlyForDeploymentPostprocessing = 0;
		};
/* End PBXFrameworksBuildPhase section */

/* Begin PBXGroup section */
		FAD64BC12DF3641A00F4703A = {
			isa = PBXGroup;
			children = (
				FAD64BCC2DF3641A00F4703A /* Path to the golden egg */,
				FAD64BDA2DF3641C00F4703A /* Path to the golden eggTests */,
				FAD64BE42DF3641C00F4703A /* Path to the golden eggUITests */,
				FAD64BCB2DF3641A00F4703A /* Products */,
			);
			sourceTree = "<group>";
		};
		FAD64BCB2DF3641A00F4703A /* Products */ = {
			isa = PBXGroup;
			children = (
				FAD64BCA2DF3641A00F4703A /* Path to the golden egg.app */,
				FAD64BD72DF3641C00F4703A /* Path to the golden eggTests.xctest */,
				FAD64BE12DF3641C00F4703A /* Path to the golden eggUITests.xctest */,
			);
			name = Products;
			sourceTree = "<group>";
		};
/* End PBXGroup section */

/* Begin PBXNativeTarget section */
		FAD64BC92DF3641A00F4703A /* Path to the golden egg */ = {
			isa = PBXNativeTarget;
			buildConfigurationList = FAD64BEB2DF3641C00F4703A /* Build configuration list for PBXNativeTarget "Path to the golden egg" */;
			buildPhases = (
				FAD64BC62DF3641A00F4703A /* Sources */,
				FAD64BC72DF3641A00F4703A /* Frameworks */,
				FAD64BC82DF3641A00F4703A /* Resources */,
			);
			buildRules = (
			);
			dependencies = (
			);
			fileSystemSynchronizedGroups = (
				FAD64BCC2DF3641A00F4703A /* Path to the golden egg */,
			);
			name = "Path to the golden egg";
			packageProductDependencies = (
			);
			productName = "Path to the golden egg";
			productReference = FAD64BCA2DF3641A00F4703A /* Path to the golden egg.app */;
			productType = "com.apple.product-type.application";
		};
		FAD64BD62DF3641C00F4703A /* Path to the golden eggTests */ = {
			isa = PBXNativeTarget;
			buildConfigurationList = FAD64BEE2DF3641C00F4703A /* Build configuration list for PBXNativeTarget "Path to the golden eggTests" */;
			buildPhases = (
				FAD64BD32DF3641C00F4703A /* Sources */,
				FAD64BD42DF3641C00F4703A /* Frameworks */,
				FAD64BD52DF3641C00F4703A /* Resources */,
			);
			buildRules = (
			);
			dependencies = (
				FAD64BD92DF3641C00F4703A /* PBXTargetDependency */,
			);
			fileSystemSynchronizedGroups = (
				FAD64BDA2DF3641C00F4703A /* Path to the golden eggTests */,
			);
			name = "Path to the golden eggTests";
			packageProductDependencies = (
			);
			productName = "Path to the golden eggTests";
			productReference = FAD64BD72DF3641C00F4703A /* Path to the golden eggTests.xctest */;
			productType = "com.apple.product-type.bundle.unit-test";
		};
		FAD64BE02DF3641C00F4703A /* Path to the golden eggUITests */ = {
			isa = PBXNativeTarget;
			buildConfigurationList = FAD64BF12DF3641C00F4703A /* Build configuration list for PBXNativeTarget "Path to the golden eggUITests" */;
			buildPhases = (
				FAD64BDD2DF3641C00F4703A /* Sources */,
				FAD64BDE2DF3641C00F4703A /* Frameworks */,
				FAD64BDF2DF3641C00F4703A /* Resources */,
			);
			buildRules = (
			);
			dependencies = (
				FAD64BE32DF3641C00F4703A /* PBXTargetDependency */,
			);
			fileSystemSynchronizedGroups = (
				FAD64BE42DF3641C00F4703A /* Path to the golden eggUITests */,
			);
			name = "Path to the golden eggUITests";
			packageProductDependencies = (
			);
			productName = "Path to the golden eggUITests";
			productReference = FAD64BE12DF3641C00F4703A /* Path to the golden eggUITests.xctest */;
			productType = "com.apple.product-type.bundle.ui-testing";
		};
/* End PBXNativeTarget section */

/* Begin PBXProject section */
		FAD64BC22DF3641A00F4703A /* Project object */ = {
			isa = PBXProject;
			attributes = {
				BuildIndependentTargetsInParallel = 1;
				LastSwiftUpdateCheck = 1630;
				LastUpgradeCheck = 1630;
				TargetAttributes = {
					FAD64BC92DF3641A00F4703A = {
						CreatedOnToolsVersion = 16.3;
					};
					FAD64BD62DF3641C00F4703A = {
						CreatedOnToolsVersion = 16.3;
						TestTargetID = FAD64BC92DF3641A00F4703A;
					};
					FAD64BE02DF3641C00F4703A = {
						CreatedOnToolsVersion = 16.3;
						TestTargetID = FAD64BC92DF3641A00F4703A;
					};
				};
			};
			buildConfigurationList = FAD64BC52DF3641A00F4703A /* Build configuration list for PBXProject "Path to the golden egg" */;
			developmentRegion = en;
			hasScannedForEncodings = 0;
			knownRegions = (
				en,
				Base,
			);
			mainGroup = FAD64BC12DF3641A00F4703A;
			minimizedProjectReferenceProxies = 1;
			preferredProjectObjectVersion = 77;
			productRefGroup = FAD64BCB2DF3641A00F4703A /* Products */;
			projectDirPath = "";
			projectRoot = "";
			targets = (
				FAD64BC92DF3641A00F4703A /* Path to the golden egg */,
				FAD64BD62DF3641C00F4703A /* Path to the golden eggTests */,
				FAD64BE02DF3641C00F4703A /* Path to the golden eggUITests */,
			);
		};
/* End PBXProject section */

/* Begin PBXResourcesBuildPhase section */
		FAD64BC82DF3641A00F4703A /* Resources */ = {
			isa = PBXResourcesBuildPhase;
			buildActionMask = 2147483647;
			files = (
			);
			runOnlyForDeploymentPostprocessing = 0;
		};
		FAD64BD52DF3641C00F4703A /* Resources */ = {
			isa = PBXResourcesBuildPhase;
			buildActionMask = 2147483647;
			files = (
			);
			runOnlyForDeploymentPostprocessing = 0;
		};
		FAD64BDF2DF3641C00F4703A /* Resources */ = {
			isa = PBXResourcesBuildPhase;
			buildActionMask = 2147483647;
			files = (
			);
			runOnlyForDeploymentPostprocessing = 0;
		};
/* End PBXResourcesBuildPhase section */

/* Begin PBXSourcesBuildPhase section */
		FAD64BC62DF3641A00F4703A /* Sources */ = {
			isa = PBXSourcesBuildPhase;
			buildActionMask = 2147483647;
			files = (
			);
			runOnlyForDeploymentPostprocessing = 0;
		};
		FAD64BD32DF3641C00F4703A /* Sources */ = {
			isa = PBXSourcesBuildPhase;
			buildActionMask = 2147483647;
			files = (
			);
			runOnlyForDeploymentPostprocessing = 0;
		};
		FAD64BDD2DF3641C00F4703A /* Sources */ = {
			isa = PBXSourcesBuildPhase;
			buildActionMask = 2147483647;
			files = (
			);
			runOnlyForDeploymentPostprocessing = 0;
		};
/* End PBXSourcesBuildPhase section */

/* Begin PBXTargetDependency section */
		FAD64BD92DF3641C00F4703A /* PBXTargetDependency */ = {
			isa = PBXTargetDependency;
			target = FAD64BC92DF3641A00F4703A /* Path to the golden egg */;
			targetProxy = FAD64BD82DF3641C00F4703A /* PBXContainerItemProxy */;
		};
		FAD64BE32DF3641C00F4703A /* PBXTargetDependency */ = {
			isa = PBXTargetDependency;
			target = FAD64BC92DF3641A00F4703A /* Path to the golden egg */;
			targetProxy = FAD64BE22DF3641C00F4703A /* PBXContainerItemProxy */;
		};
/* End PBXTargetDependency section */

/* Begin XCBuildConfiguration section */
		FAD64BE92DF3641C00F4703A /* Debug */ = {
			isa = XCBuildConfiguration;
			buildSettings = {
				ALWAYS_SEARCH_USER_PATHS = NO;
				ASSETCATALOG_COMPILER_GENERATE_SWIFT_ASSET_SYMBOL_EXTENSIONS = YES;
				CLANG_ANALYZER_NONNULL = YES;
				CLANG_ANALYZER_NUMBER_OBJECT_CONVERSION = YES_AGGRESSIVE;
				CLANG_CXX_LANGUAGE_STANDARD = "gnu++20";
				CLANG_ENABLE_MODULES = YES;
				CLANG_ENABLE_OBJC_ARC = YES;
				CLANG_ENABLE_OBJC_WEAK = YES;
				CLANG_WARN_BLOCK_CAPTURE_AUTORELEASING = YES;
				CLANG_WARN_BOOL_CONVERSION = YES;
				CLANG_WARN_COMMA = YES;
				CLANG_WARN_CONSTANT_CONVERSION = YES;
				CLANG_WARN_DEPRECATED_OBJC_IMPLEMENTATIONS = YES;
				CLANG_WARN_DIRECT_OBJC_ISA_USAGE = YES_ERROR;
				CLANG_WARN_DOCUMENTATION_COMMENTS = YES;
				CLANG_WARN_EMPTY_BODY = YES;
				CLANG_WARN_ENUM_CONVERSION = YES;
				CLANG_WARN_INFINITE_RECURSION = YES;
				CLANG_WARN_INT_CONVERSION = YES;
				CLANG_WARN_NON_LITERAL_NULL_CONVERSION = YES;
				CLANG_WARN_OBJC_IMPLICIT_RETAIN_SELF = YES;
				CLANG_WARN_OBJC_LITERAL_CONVERSION = YES;
				CLANG_WARN_OBJC_ROOT_CLASS = YES_ERROR;
				CLANG_WARN_QUOTED_INCLUDE_IN_FRAMEWORK_HEADER = YES;
				CLANG_WARN_RANGE_LOOP_ANALYSIS = YES;
				CLANG_WARN_STRICT_PROTOTYPES = YES;
				CLANG_WARN_SUSPICIOUS_MOVE = YES;
				CLANG_WARN_UNGUARDED_AVAILABILITY = YES_AGGRESSIVE;
				CLANG_WARN_UNREACHABLE_CODE = YES;
				CLANG_WARN__DUPLICATE_METHOD_MATCH = YES;
				COPY_PHASE_STRIP = NO;
				DEBUG_INFORMATION_FORMAT = dwarf;
				ENABLE_STRICT_OBJC_MSGSEND = YES;
				ENABLE_TESTABILITY = YES;
				ENABLE_USER_SCRIPT_SANDBOXING = YES;
				GCC_C_LANGUAGE_STANDARD = gnu17;
				GCC_DYNAMIC_NO_PIC = NO;
				GCC_NO_COMMON_BLOCKS = YES;
				GCC_OPTIMIZATION_LEVEL = 0;
				GCC_PREPROCESSOR_DEFINITIONS = (
					"DEBUG=1",
					"$(inherited)",
				);
				GCC_WARN_64_TO_32_BIT_CONVERSION = YES;
				GCC_WARN_ABOUT_RETURN_TYPE = YES_ERROR;
				GCC_WARN_UNDECLARED_SELECTOR = YES;
				GCC_WARN_UNINITIALIZED_AUTOS = YES_AGGRESSIVE;
				GCC_WARN_UNUSED_FUNCTION = YES;
				GCC_WARN_UNUSED_VARIABLE = YES;
				IPHONEOS_DEPLOYMENT_TARGET = 18.4;
				LOCALIZATION_PREFERS_STRING_CATALOGS = YES;
				MTL_ENABLE_DEBUG_INFO = INCLUDE_SOURCE;
				MTL_FAST_MATH = YES;
				ONLY_ACTIVE_ARCH = YES;
				SDKROOT = iphoneos;
				SWIFT_ACTIVE_COMPILATION_CONDITIONS = "DEBUG $(inherited)";
				SWIFT_OPTIMIZATION_LEVEL = "-Onone";
			};
			name = Debug;
		};
		FAD64BEA2DF3641C00F4703A /* Release */ = {
			isa = XCBuildConfiguration;
			buildSettings = {
				ALWAYS_SEARCH_USER_PATHS = NO;
				ASSETCATALOG_COMPILER_GENERATE_SWIFT_ASSET_SYMBOL_EXTENSIONS = YES;
				CLANG_ANALYZER_NONNULL = YES;
				CLANG_ANALYZER_NUMBER_OBJECT_CONVERSION = YES_AGGRESSIVE;
				CLANG_CXX_LANGUAGE_STANDARD = "gnu++20";
				CLANG_ENABLE_MODULES = YES;
				CLANG_ENABLE_OBJC_ARC = YES;
				CLANG_ENABLE_OBJC_WEAK = YES;
				CLANG_WARN_BLOCK_CAPTURE_AUTORELEASING = YES;
				CLANG_WARN_BOOL_CONVERSION = YES;
				CLANG_WARN_COMMA = YES;
				CLANG_WARN_CONSTANT_CONVERSION = YES;
				CLANG_WARN_DEPRECATED_OBJC_IMPLEMENTATIONS = YES;
				CLANG_WARN_DIRECT_OBJC_ISA_USAGE = YES_ERROR;
				CLANG_WARN_DOCUMENTATION_COMMENTS = YES;
				CLANG_WARN_EMPTY_BODY = YES;
				CLANG_WARN_ENUM_CONVERSION = YES;
				CLANG_WARN_INFINITE_RECURSION = YES;
				CLANG_WARN_INT_CONVERSION = YES;
				CLANG_WARN_NON_LITERAL_NULL_CONVERSION = YES;
				CLANG_WARN_OBJC_IMPLICIT_RETAIN_SELF = YES;
				CLANG_WARN_OBJC_LITERAL_CONVERSION = YES;
				CLANG_WARN_OBJC_ROOT_CLASS = YES_ERROR;
				CLANG_WARN_QUOTED_INCLUDE_IN_FRAMEWORK_HEADER = YES;
				CLANG_WARN_RANGE_LOOP_ANALYSIS = YES;
				CLANG_WARN_STRICT_PROTOTYPES = YES;
				CLANG_WARN_SUSPICIOUS_MOVE = YES;
				CLANG_WARN_UNGUARDED_AVAILABILITY = YES_AGGRESSIVE;
				CLANG_WARN_UNREACHABLE_CODE = YES;
				CLANG_WARN__DUPLICATE_METHOD_MATCH = YES;
				COPY_PHASE_STRIP = NO;
				DEBUG_INFORMATION_FORMAT = "dwarf-with-dsym";
				ENABLE_NS_ASSERTIONS = NO;
				ENABLE_STRICT_OBJC_MSGSEND = YES;
				ENABLE_USER_SCRIPT_SANDBOXING = YES;
				GCC_C_LANGUAGE_STANDARD = gnu17;
				GCC_NO_COMMON_BLOCKS = YES;
				GCC_WARN_64_TO_32_BIT_CONVERSION = YES;
				GCC_WARN_ABOUT_RETURN_TYPE = YES_ERROR;
				GCC_WARN_UNDECLARED_SELECTOR = YES;
				GCC_WARN_UNINITIALIZED_AUTOS = YES_AGGRESSIVE;
				GCC_WARN_UNUSED_FUNCTION = YES;
				GCC_WARN_UNUSED_VARIABLE = YES;
				IPHONEOS_DEPLOYMENT_TARGET = 18.4;
				LOCALIZATION_PREFERS_STRING_CATALOGS = YES;
				MTL_ENABLE_DEBUG_INFO = NO;
				MTL_FAST_MATH = YES;
				SDKROOT = iphoneos;
				SWIFT_COMPILATION_MODE = wholemodule;
				VALIDATE_PRODUCT = YES;
			};
			name = Release;
		};
		FAD64BEC2DF3641C00F4703A /* Debug */ = {
			isa = XCBuildConfiguration;
			buildSettings = {
				ASSETCATALOG_COMPILER_APPICON_NAME = AppIcon;
				ASSETCATALOG_COMPILER_GLOBAL_ACCENT_COLOR_NAME = AccentColor;
				CODE_SIGN_STYLE = Automatic;
				CURRENT_PROJECT_VERSION = 1;
				ENABLE_PREVIEWS = YES;
				GENERATE_INFOPLIST_FILE = YES;
				INFOPLIST_KEY_UIApplicationSceneManifest_Generation = YES;
				INFOPLIST_KEY_UIApplicationSupportsIndirectInputEvents = YES;
				INFOPLIST_KEY_UILaunchScreen_Generation = YES;
				INFOPLIST_KEY_UISupportedInterfaceOrientations_iPad = "UIInterfaceOrientationPortrait UIInterfaceOrientationPortraitUpsideDown UIInterfaceOrientationLandscapeLeft UIInterfaceOrientationLandscapeRight";
				INFOPLIST_KEY_UISupportedInterfaceOrientations_iPhone = "UIInterfaceOrientationPortrait UIInterfaceOrientationLandscapeLeft UIInterfaceOrientationLandscapeRight";
				LD_RUNPATH_SEARCH_PATHS = (
					"$(inherited)",
					"@executable_path/Frameworks",
				);
				MARKETING_VERSION = 1.0;
				PRODUCT_BUNDLE_IDENTIFIER = "pathToge.Path-to-the-golden-egg";
				PRODUCT_NAME = "$(TARGET_NAME)";
				SWIFT_EMIT_LOC_STRINGS = YES;
				SWIFT_VERSION = 5.0;
				TARGETED_DEVICE_FAMILY = "1,2";
			};
			name = Debug;
		};
		FAD64BED2DF3641C00F4703A /* Release */ = {
			isa = XCBuildConfiguration;
			buildSettings = {
				ASSETCATALOG_COMPILER_APPICON_NAME = AppIcon;
				ASSETCATALOG_COMPILER_GLOBAL_ACCENT_COLOR_NAME = AccentColor;
				CODE_SIGN_STYLE = Automatic;
				CURRENT_PROJECT_VERSION = 1;
				ENABLE_PREVIEWS = YES;
				GENERATE_INFOPLIST_FILE = YES;
				INFOPLIST_KEY_UIApplicationSceneManifest_Generation = YES;
				INFOPLIST_KEY_UIApplicationSupportsIndirectInputEvents = YES;
				INFOPLIST_KEY_UILaunchScreen_Generation = YES;
				INFOPLIST_KEY_UISupportedInterfaceOrientations_iPad = "UIInterfaceOrientationPortrait UIInterfaceOrientationPortraitUpsideDown UIInterfaceOrientationLandscapeLeft UIInterfaceOrientationLandscapeRight";
				INFOPLIST_KEY_UISupportedInterfaceOrientations_iPhone = "UIInterfaceOrientationPortrait UIInterfaceOrientationLandscapeLeft UIInterfaceOrientationLandscapeRight";
				LD_RUNPATH_SEARCH_PATHS = (
					"$(inherited)",
					"@executable_path/Frameworks",
				);
				MARKETING_VERSION = 1.0;
				PRODUCT_BUNDLE_IDENTIFIER = "pathToge.Path-to-the-golden-egg";
				PRODUCT_NAME = "$(TARGET_NAME)";
				SWIFT_EMIT_LOC_STRINGS = YES;
				SWIFT_VERSION = 5.0;
				TARGETED_DEVICE_FAMILY = "1,2";
			};
			name = Release;
		};
		FAD64BEF2DF3641C00F4703A /* Debug */ = {
			isa = XCBuildConfiguration;
			buildSettings = {
				BUNDLE_LOADER = "$(TEST_HOST)";
				CODE_SIGN_STYLE = Automatic;
				CURRENT_PROJECT_VERSION = 1;
				GENERATE_INFOPLIST_FILE = YES;
				IPHONEOS_DEPLOYMENT_TARGET = 18.4;
				MARKETING_VERSION = 1.0;
				PRODUCT_BUNDLE_IDENTIFIER = "pathToge.Path-to-the-golden-eggTests";
				PRODUCT_NAME = "$(TARGET_NAME)";
				SWIFT_EMIT_LOC_STRINGS = NO;
				SWIFT_VERSION = 5.0;
				TARGETED_DEVICE_FAMILY = "1,2";
				TEST_HOST = "$(BUILT_PRODUCTS_DIR)/Path to the golden egg.app/$(BUNDLE_EXECUTABLE_FOLDER_PATH)/Path to the golden egg";
			};
			name = Debug;
		};
		FAD64BF02DF3641C00F4703A /* Release */ = {
			isa = XCBuildConfiguration;
			buildSettings = {
				BUNDLE_LOADER = "$(TEST_HOST)";
				CODE_SIGN_STYLE = Automatic;
				CURRENT_PROJECT_VERSION = 1;
				GENERATE_INFOPLIST_FILE = YES;
				IPHONEOS_DEPLOYMENT_TARGET = 18.4;
				MARKETING_VERSION = 1.0;
				PRODUCT_BUNDLE_IDENTIFIER = "pathToge.Path-to-the-golden-eggTests";
				PRODUCT_NAME = "$(TARGET_NAME)";
				SWIFT_EMIT_LOC_STRINGS = NO;
				SWIFT_VERSION = 5.0;
				TARGETED_DEVICE_FAMILY = "1,2";
				TEST_HOST = "$(BUILT_PRODUCTS_DIR)/Path to the golden egg.app/$(BUNDLE_EXECUTABLE_FOLDER_PATH)/Path to the golden egg";
			};
			name = Release;
		};
		FAD64BF22DF3641C00F4703A /* Debug */ = {
			isa = XCBuildConfiguration;
			buildSettings = {
				CODE_SIGN_STYLE = Automatic;
				CURRENT_PROJECT_VERSION = 1;
				GENERATE_INFOPLIST_FILE = YES;
				MARKETING_VERSION = 1.0;
				PRODUCT_BUNDLE_IDENTIFIER = "pathToge.Path-to-the-golden-eggUITests";
				PRODUCT_NAME = "$(TARGET_NAME)";
				SWIFT_EMIT_LOC_STRINGS = NO;
				SWIFT_VERSION = 5.0;
				TARGETED_DEVICE_FAMILY = "1,2";
				TEST_TARGET_NAME = "Path to the golden egg";
			};
			name = Debug;
		};
		FAD64BF32DF3641C00F4703A /* Release */ = {
			isa = XCBuildConfiguration;
			buildSettings = {
				CODE_SIGN_STYLE = Automatic;
				CURRENT_PROJECT_VERSION = 1;
				GENERATE_INFOPLIST_FILE = YES;
				MARKETING_VERSION = 1.0;
				PRODUCT_BUNDLE_IDENTIFIER = "pathToge.Path-to-the-golden-eggUITests";
				PRODUCT_NAME = "$(TARGET_NAME)";
				SWIFT_EMIT_LOC_STRINGS = NO;
				SWIFT_VERSION = 5.0;
				TARGETED_DEVICE_FAMILY = "1,2";
				TEST_TARGET_NAME = "Path to the golden egg";
			};
			name = Release;
		};
/* End XCBuildConfiguration section */

/* Begin XCConfigurationList section */
		FAD64BC52DF3641A00F4703A /* Build configuration list for PBXProject "Path to the golden egg" */ = {
			isa = XCConfigurationList;
			buildConfigurations = (
				FAD64BE92DF3641C00F4703A /* Debug */,
				FAD64BEA2DF3641C00F4703A /* Release */,
			);
			defaultConfigurationIsVisible = 0;
			defaultConfigurationName = Release;
		};
		FAD64BEB2DF3641C00F4703A /* Build configuration list for PBXNativeTarget "Path to the golden egg" */ = {
			isa = XCConfigurationList;
			buildConfigurations = (
				FAD64BEC2DF3641C00F4703A /* Debug */,
				FAD64BED2DF3641C00F4703A /* Release */,
			);
			defaultConfigurationIsVisible = 0;
			defaultConfigurationName = Release;
		};
		FAD64BEE2DF3641C00F4703A /* Build configuration list for PBXNativeTarget "Path to the golden eggTests" */ = {
			isa = XCConfigurationList;
			buildConfigurations = (
				FAD64BEF2DF3641C00F4703A /* Debug */,
				FAD64BF02DF3641C00F4703A /* Release */,
			);
			defaultConfigurationIsVisible = 0;
			defaultConfigurationName = Release;
		};
		FAD64BF12DF3641C00F4703A /* Build configuration list for PBXNativeTarget "Path to the golden eggUITests" */ = {
			isa = XCConfigurationList;
			buildConfigurations = (
				FAD64BF22DF3641C00F4703A /* Debug */,
				FAD64BF32DF3641C00F4703A /* Release */,
			);
			defaultConfigurationIsVisible = 0;
			defaultConfigurationName = Release;
		};
/* End XCConfigurationList section */
	};
	rootObject = FAD64BC22DF3641A00F4703A /* Project object */;
}
